
Microsoft Visual Studio Solution File, Format Version 12.00
# Visual Studio Version 16
VisualStudioVersion = 16.0.29519.181
MinimumVisualStudioVersion = 10.0.40219.1
Project("{FAE04EC0-301F-11D3-BF4B-00C04F79EFBC}") = "Library-API-SYSCOMPSA", "Library-API-SYSCOMPSA\Library-API-SYSCOMPSA.csproj", "{970C3E41-64C5-4ACE-901C-E45D06F30CC0}"
EndProject
Global
	GlobalSection(SolutionConfigurationPlatforms) = preSolution
		Debug|Any CPU = Debug|Any CPU
		Release|Any CPU = Release|Any CPU
	EndGlobalSection
	GlobalSection(ProjectConfigurationPlatforms) = postSolution
		{970C3E41-64C5-4ACE-901C-E45D06F30CC0}.Debug|Any CPU.ActiveCfg = Debug|Any CPU
		{970C3E41-64C5-4ACE-901C-E45D06F30CC0}.Debug|Any CPU.Build.0 = Debug|Any CPU
		{970C3E41-64C5-4ACE-901C-E45D06F30CC0}.Release|Any CPU.ActiveCfg = Release|Any CPU
		{970C3E41-64C5-4ACE-901C-E45D06F30CC0}.Release|Any CPU.Build.0 = Release|Any CPU
	EndGlobalSection
	GlobalSection(SolutionProperties) = preSolution
		HideSolutionNode = FALSE
	EndGlobalSection
	GlobalSection(ExtensibilityGlobals) = postSolution
		SolutionGuid = {E864D8C4-376B-4AD5-813E-9A76523E2E2B}
	EndGlobalSection
EndGlobal
